
Microsoft Visual Studio Solution File, Format Version 12.00
# Visual Studio Version 16
VisualStudioVersion = 16.0.29020.237
MinimumVisualStudioVersion = 10.0.40219.1
Project("{9A19103F-16F7-4668-BE54-9A1E7A4F7556}") = "MinesweeperController", "ne commmunity\MinesweeperController.csproj", "{008908F7-7BAD-4402-9A62-B8E34BE08F73}"
EndProject
Project("{FAE04EC0-301F-11D3-BF4B-00C04F79EFBC}") = "MinesweeperHost", "MinesweeperHost\MinesweeperHost.csproj", "{D8B0B5DC-6BAE-45F8-B2DD-7E264C28636A}"
EndProject
Global
	GlobalSection(SolutionConfigurationPlatforms) = preSolution
		Debug|Any CPU = Debug|Any CPU
		Release|Any CPU = Release|Any CPU
	EndGlobalSection
	GlobalSection(ProjectConfigurationPlatforms) = postSolution
		{008908F7-7BAD-4402-9A62-B8E34BE08F73}.Debug|Any CPU.ActiveCfg = Debug|Any CPU
		{008908F7-7BAD-4402-9A62-B8E34BE08F73}.Debug|Any CPU.Build.0 = Debug|Any CPU
		{008908F7-7BAD-4402-9A62-B8E34BE08F73}.Release|Any CPU.ActiveCfg = Release|Any CPU
		{008908F7-7BAD-4402-9A62-B8E34BE08F73}.Release|Any CPU.Build.0 = Release|Any CPU
		{D8B0B5DC-6BAE-45F8-B2DD-7E264C28636A}.Debug|Any CPU.ActiveCfg = Debug|Any CPU
		{D8B0B5DC-6BAE-45F8-B2DD-7E264C28636A}.Debug|Any CPU.Build.0 = Debug|Any CPU
		{D8B0B5DC-6BAE-45F8-B2DD-7E264C28636A}.Release|Any CPU.ActiveCfg = Release|Any CPU
		{D8B0B5DC-6BAE-45F8-B2DD-7E264C28636A}.Release|Any CPU.Build.0 = Release|Any CPU
	EndGlobalSection
	GlobalSection(SolutionProperties) = preSolution
		HideSolutionNode = FALSE
	EndGlobalSection
	GlobalSection(ExtensibilityGlobals) = postSolution
		SolutionGuid = {3FB7163D-EB5D-4207-955C-83C2679DC31B}
	EndGlobalSection
EndGlobal
